
Microsoft Visual Studio Solution File, Format Version 12.00
# Visual Studio Version 17
VisualStudioVersion = 17.10.35013.160
MinimumVisualStudioVersion = 10.0.40219.1
Project("{FAE04EC0-301F-11D3-BF4B-00C04F79EFBC}") = "TesteMeu", "TesteMeu.csproj", "{F2B8D5D8-3008-4871-B16D-F7E42EA00807}"
EndProject
Global
	GlobalSection(SolutionConfigurationPlatforms) = preSolution
		Debug|Any CPU = Debug|Any CPU
		Release|Any CPU = Release|Any CPU
	EndGlobalSection
	GlobalSection(ProjectConfigurationPlatforms) = postSolution
		{F2B8D5D8-3008-4871-B16D-F7E42EA00807}.Debug|Any CPU.ActiveCfg = Debug|Any CPU
		{F2B8D5D8-3008-4871-B16D-F7E42EA00807}.Debug|Any CPU.Build.0 = Debug|Any CPU
		{F2B8D5D8-3008-4871-B16D-F7E42EA00807}.Release|Any CPU.ActiveCfg = Release|Any CPU
		{F2B8D5D8-3008-4871-B16D-F7E42EA00807}.Release|Any CPU.Build.0 = Release|Any CPU
	EndGlobalSection
	GlobalSection(SolutionProperties) = preSolution
		HideSolutionNode = FALSE
	EndGlobalSection
	GlobalSection(ExtensibilityGlobals) = postSolution
		SolutionGuid = {A8638BE6-91E8-445E-9EEC-A4B6D7468552}
	EndGlobalSection
EndGlobal
